
Microsoft Visual Studio Solution File, Format Version 12.00
# Visual Studio Version 17
VisualStudioVersion = 17.9.34728.123
MinimumVisualStudioVersion = 10.0.40219.1
Project("{FAE04EC0-301F-11D3-BF4B-00C04F79EFBC}") = "WebAppDBMS", "WebAppDBMS.csproj", "{A3257297-DABF-49C7-981E-81F486EF17E5}"
EndProject
Global
	GlobalSection(SolutionConfigurationPlatforms) = preSolution
		Debug|Any CPU = Debug|Any CPU
		Release|Any CPU = Release|Any CPU
	EndGlobalSection
	GlobalSection(ProjectConfigurationPlatforms) = postSolution
		{A3257297-DABF-49C7-981E-81F486EF17E5}.Debug|Any CPU.ActiveCfg = Debug|Any CPU
		{A3257297-DABF-49C7-981E-81F486EF17E5}.Debug|Any CPU.Build.0 = Debug|Any CPU
		{A3257297-DABF-49C7-981E-81F486EF17E5}.Release|Any CPU.ActiveCfg = Release|Any CPU
		{A3257297-DABF-49C7-981E-81F486EF17E5}.Release|Any CPU.Build.0 = Release|Any CPU
	EndGlobalSection
	GlobalSection(SolutionProperties) = preSolution
		HideSolutionNode = FALSE
	EndGlobalSection
	GlobalSection(ExtensibilityGlobals) = postSolution
		SolutionGuid = {DA571E26-C82B-473D-AF53-B016D2B1355A}
	EndGlobalSection
EndGlobal
